
Microsoft Visual Studio Solution File, Format Version 12.00
# Visual Studio Version 17
VisualStudioVersion = 17.13.35919.96 d17.13
MinimumVisualStudioVersion = 10.0.40219.1
Project("{FAE04EC0-301F-11D3-BF4B-00C04F79EFBC}") = "Job_Portal", "Job_Portal\Job_Portal.csproj", "{3FB45854-15A3-47CF-93EC-E4D051ABF3C6}"
EndProject
Global
	GlobalSection(SolutionConfigurationPlatforms) = preSolution
		Debug|Any CPU = Debug|Any CPU
		Release|Any CPU = Release|Any CPU
	EndGlobalSection
	GlobalSection(ProjectConfigurationPlatforms) = postSolution
		{3FB45854-15A3-47CF-93EC-E4D051ABF3C6}.Debug|Any CPU.ActiveCfg = Debug|Any CPU
		{3FB45854-15A3-47CF-93EC-E4D051ABF3C6}.Debug|Any CPU.Build.0 = Debug|Any CPU
		{3FB45854-15A3-47CF-93EC-E4D051ABF3C6}.Release|Any CPU.ActiveCfg = Release|Any CPU
		{3FB45854-15A3-47CF-93EC-E4D051ABF3C6}.Release|Any CPU.Build.0 = Release|Any CPU
	EndGlobalSection
	GlobalSection(SolutionProperties) = preSolution
		HideSolutionNode = FALSE
	EndGlobalSection
	GlobalSection(ExtensibilityGlobals) = postSolution
		SolutionGuid = {4342FAF6-44BD-4706-BC80-0FAD45494B76}
	EndGlobalSection
EndGlobal
